// !$*UTF8*$!
{
	archiveVersion = 1;
	classes = {
	};
	objectVersion = 50;
	objects = {

/* Begin PBXBuildFile section */
		042424DC22E4043F007349E9 /* BaseNetworkConnectionViewModel.swift in Sources */ = {isa = PBXBuildFile; fileRef = 042424DB22E4043F007349E9 /* BaseNetworkConnectionViewModel.swift */; };
		042424DE22E411A2007349E9 /* ItemsTagViewModel.swift in Sources */ = {isa = PBXBuildFile; fileRef = 042424DD22E411A2007349E9 /* ItemsTagViewModel.swift */; };
		04250A5922E35EEE00AE1989 /* BaseMenuViewController.swift in Sources */ = {isa = PBXBuildFile; fileRef = 0432955222E2A62800C4C075 /* BaseMenuViewController.swift */; };
		04250A5F22E35EEE00AE1989 /* TagModel.swift in Sources */ = {isa = PBXBuildFile; fileRef = 0432955A22E2AE0800C4C075 /* TagModel.swift */; };
		04250A6022E35EEE00AE1989 /* ItemModel.swift in Sources */ = {isa = PBXBuildFile; fileRef = 0432955F22E2AF6C00C4C075 /* ItemModel.swift */; };
		04250A6122E35EEE00AE1989 /* TagsResponseModel.swift in Sources */ = {isa = PBXBuildFile; fileRef = 0432955722E2ADEF00C4C075 /* TagsResponseModel.swift */; };
		04250A6222E35EEE00AE1989 /* ItemsResponseModel.swift in Sources */ = {isa = PBXBuildFile; fileRef = 0432955D22E2AF5400C4C075 /* ItemsResponseModel.swift */; };
		04250A6322E35EEE00AE1989 /* GenericDao.swift in Sources */ = {isa = PBXBuildFile; fileRef = 042A8A5522E0F29A005B4658 /* GenericDao.swift */; };
		04250A6422E35EEE00AE1989 /* GenericBaseRepository.swift in Sources */ = {isa = PBXBuildFile; fileRef = 042A8A5722E0F29B005B4658 /* GenericBaseRepository.swift */; };
		04250A6522E35EEE00AE1989 /* GenericDataSourceContract.swift in Sources */ = {isa = PBXBuildFile; fileRef = 042A8A5822E0F29B005B4658 /* GenericDataSourceContract.swift */; };
		04250A6622E35EEE00AE1989 /* GenericRequestClass.swift in Sources */ = {isa = PBXBuildFile; fileRef = 042A8A5A22E0F29B005B4658 /* GenericRequestClass.swift */; };
		04250A6722E35EEE00AE1989 /* Constants.swift in Sources */ = {isa = PBXBuildFile; fileRef = 042A8A3122E0EEFD005B4658 /* Constants.swift */; };
		04250A6822E35EEE00AE1989 /* UIColorExtension.swift in Sources */ = {isa = PBXBuildFile; fileRef = 042A8A2C22E0EEFD005B4658 /* UIColorExtension.swift */; };
		04250A6922E35EEE00AE1989 /* UITableViewExtension.swift in Sources */ = {isa = PBXBuildFile; fileRef = 042A8A2D22E0EEFD005B4658 /* UITableViewExtension.swift */; };
		04250A6A22E35EEE00AE1989 /* SwiftTypeExtensions.swift in Sources */ = {isa = PBXBuildFile; fileRef = 042A8A2E22E0EEFD005B4658 /* SwiftTypeExtensions.swift */; };
		04250A6B22E35EEE00AE1989 /* CollectionExtensions.swift in Sources */ = {isa = PBXBuildFile; fileRef = 042A8A2F22E0EEFD005B4658 /* CollectionExtensions.swift */; };
		04250A6C22E35EEE00AE1989 /* ErrorModel.swift in Sources */ = {isa = PBXBuildFile; fileRef = 042A8A2A22E0EEFD005B4658 /* ErrorModel.swift */; };
		04250A6D22E35EEE00AE1989 /* UIHelper.swift in Sources */ = {isa = PBXBuildFile; fileRef = 042A8A3322E0EEFD005B4658 /* UIHelper.swift */; };
		04250A6E22E35EEE00AE1989 /* GlobalUtilities.swift in Sources */ = {isa = PBXBuildFile; fileRef = 042A8A3422E0EEFD005B4658 /* GlobalUtilities.swift */; };
		04250A6F22E35EEE00AE1989 /* AppDelegate.swift in Sources */ = {isa = PBXBuildFile; fileRef = 045CF9CF22E0A4730093F25E /* AppDelegate.swift */; };
		04250A7222E35F6600AE1989 /* TagsRepository.swift in Sources */ = {isa = PBXBuildFile; fileRef = 0432956222E2C1B600C4C075 /* TagsRepository.swift */; };
		04250A7322E35F6600AE1989 /* ItemsRepository.swift in Sources */ = {isa = PBXBuildFile; fileRef = 04250A5722E35B0300AE1989 /* ItemsRepository.swift */; };
		04250A7522E35FD700AE1989 /* MenuViewController.swift in Sources */ = {isa = PBXBuildFile; fileRef = 04250A7422E35FD700AE1989 /* MenuViewController.swift */; };
		04250A7722E3815400AE1989 /* TagsViewModel.swift in Sources */ = {isa = PBXBuildFile; fileRef = 04250A7622E3815400AE1989 /* TagsViewModel.swift */; };
		04250A7922E385EA00AE1989 /* TagItemCollectionViewCell.swift in Sources */ = {isa = PBXBuildFile; fileRef = 04250A7822E385EA00AE1989 /* TagItemCollectionViewCell.swift */; };
		04250A7B22E3983500AE1989 /* TagTableViewCell.swift in Sources */ = {isa = PBXBuildFile; fileRef = 04250A7A22E3983500AE1989 /* TagTableViewCell.swift */; };
		04250A7D22E3AA0500AE1989 /* UIViewExtension.swift in Sources */ = {isa = PBXBuildFile; fileRef = 04250A7C22E3AA0500AE1989 /* UIViewExtension.swift */; };
		04250A8022E3B1AA00AE1989 /* ItemTableViewCell.swift in Sources */ = {isa = PBXBuildFile; fileRef = 04250A7E22E3B1AA00AE1989 /* ItemTableViewCell.swift */; };
		04250A8122E3B1AA00AE1989 /* ItemTableViewCell.xib in Resources */ = {isa = PBXBuildFile; fileRef = 04250A7F22E3B1AA00AE1989 /* ItemTableViewCell.xib */; };
		042A8A3722E0EEFE005B4658 /* ErrorModel.swift in Sources */ = {isa = PBXBuildFile; fileRef = 042A8A2A22E0EEFD005B4658 /* ErrorModel.swift */; };
		042A8A3822E0EEFE005B4658 /* ErrorModel.swift in Sources */ = {isa = PBXBuildFile; fileRef = 042A8A2A22E0EEFD005B4658 /* ErrorModel.swift */; };
		042A8A3A22E0EEFE005B4658 /* UIColorExtension.swift in Sources */ = {isa = PBXBuildFile; fileRef = 042A8A2C22E0EEFD005B4658 /* UIColorExtension.swift */; };
		042A8A3B22E0EEFE005B4658 /* UIColorExtension.swift in Sources */ = {isa = PBXBuildFile; fileRef = 042A8A2C22E0EEFD005B4658 /* UIColorExtension.swift */; };
		042A8A3D22E0EEFE005B4658 /* UITableViewExtension.swift in Sources */ = {isa = PBXBuildFile; fileRef = 042A8A2D22E0EEFD005B4658 /* UITableViewExtension.swift */; };
		042A8A3E22E0EEFE005B4658 /* UITableViewExtension.swift in Sources */ = {isa = PBXBuildFile; fileRef = 042A8A2D22E0EEFD005B4658 /* UITableViewExtension.swift */; };
		042A8A4022E0EEFE005B4658 /* SwiftTypeExtensions.swift in Sources */ = {isa = PBXBuildFile; fileRef = 042A8A2E22E0EEFD005B4658 /* SwiftTypeExtensions.swift */; };
		042A8A4122E0EEFE005B4658 /* SwiftTypeExtensions.swift in Sources */ = {isa = PBXBuildFile; fileRef = 042A8A2E22E0EEFD005B4658 /* SwiftTypeExtensions.swift */; };
		042A8A4322E0EEFE005B4658 /* CollectionExtensions.swift in Sources */ = {isa = PBXBuildFile; fileRef = 042A8A2F22E0EEFD005B4658 /* CollectionExtensions.swift */; };
		042A8A4422E0EEFE005B4658 /* CollectionExtensions.swift in Sources */ = {isa = PBXBuildFile; fileRef = 042A8A2F22E0EEFD005B4658 /* CollectionExtensions.swift */; };
		042A8A4622E0EEFE005B4658 /* Constants.swift in Sources */ = {isa = PBXBuildFile; fileRef = 042A8A3122E0EEFD005B4658 /* Constants.swift */; };
		042A8A4722E0EEFE005B4658 /* Constants.swift in Sources */ = {isa = PBXBuildFile; fileRef = 042A8A3122E0EEFD005B4658 /* Constants.swift */; };
		042A8A4922E0EEFE005B4658 /* UIHelper.swift in Sources */ = {isa = PBXBuildFile; fileRef = 042A8A3322E0EEFD005B4658 /* UIHelper.swift */; };
		042A8A4A22E0EEFE005B4658 /* UIHelper.swift in Sources */ = {isa = PBXBuildFile; fileRef = 042A8A3322E0EEFD005B4658 /* UIHelper.swift */; };
		042A8A4C22E0EEFE005B4658 /* GlobalUtilities.swift in Sources */ = {isa = PBXBuildFile; fileRef = 042A8A3422E0EEFD005B4658 /* GlobalUtilities.swift */; };
		042A8A4D22E0EEFE005B4658 /* GlobalUtilities.swift in Sources */ = {isa = PBXBuildFile; fileRef = 042A8A3422E0EEFD005B4658 /* GlobalUtilities.swift */; };
		042A8A5C22E0F29B005B4658 /* GenericDao.swift in Sources */ = {isa = PBXBuildFile; fileRef = 042A8A5522E0F29A005B4658 /* GenericDao.swift */; };
		042A8A5D22E0F29B005B4658 /* GenericDao.swift in Sources */ = {isa = PBXBuildFile; fileRef = 042A8A5522E0F29A005B4658 /* GenericDao.swift */; };
		042A8A5F22E0F29B005B4658 /* GenericBaseRepository.swift in Sources */ = {isa = PBXBuildFile; fileRef = 042A8A5722E0F29B005B4658 /* GenericBaseRepository.swift */; };
		042A8A6022E0F29B005B4658 /* GenericBaseRepository.swift in Sources */ = {isa = PBXBuildFile; fileRef = 042A8A5722E0F29B005B4658 /* GenericBaseRepository.swift */; };
		042A8A6222E0F29B005B4658 /* GenericDataSourceContract.swift in Sources */ = {isa = PBXBuildFile; fileRef = 042A8A5822E0F29B005B4658 /* GenericDataSourceContract.swift */; };
		042A8A6322E0F29B005B4658 /* GenericDataSourceContract.swift in Sources */ = {isa = PBXBuildFile; fileRef = 042A8A5822E0F29B005B4658 /* GenericDataSourceContract.swift */; };
		042A8A6522E0F29B005B4658 /* GenericRequestClass.swift in Sources */ = {isa = PBXBuildFile; fileRef = 042A8A5A22E0F29B005B4658 /* GenericRequestClass.swift */; };
		042A8A6622E0F29B005B4658 /* GenericRequestClass.swift in Sources */ = {isa = PBXBuildFile; fileRef = 042A8A5A22E0F29B005B4658 /* GenericRequestClass.swift */; };
		0444EE4B22E240D800EA1E55 /* MenuViewController.xib in Resources */ = {isa = PBXBuildFile; fileRef = 0444EE4722E240D800EA1E55 /* MenuViewController.xib */; };
		0444EE4C22E240D800EA1E55 /* MenuViewController.xib in Resources */ = {isa = PBXBuildFile; fileRef = 0444EE4722E240D800EA1E55 /* MenuViewController.xib */; };
		0444EE4D22E240D800EA1E55 /* MenuViewController.xib in Resources */ = {isa = PBXBuildFile; fileRef = 0444EE4722E240D800EA1E55 /* MenuViewController.xib */; };
		0444EE5322E2456100EA1E55 /* TagTableViewCell.xib in Resources */ = {isa = PBXBuildFile; fileRef = 0444EE4F22E2456100EA1E55 /* TagTableViewCell.xib */; };
		0444EE5422E2456100EA1E55 /* TagTableViewCell.xib in Resources */ = {isa = PBXBuildFile; fileRef = 0444EE4F22E2456100EA1E55 /* TagTableViewCell.xib */; };
		0444EE5522E2456100EA1E55 /* TagTableViewCell.xib in Resources */ = {isa = PBXBuildFile; fileRef = 0444EE4F22E2456100EA1E55 /* TagTableViewCell.xib */; };
		0444EE5B22E2478A00EA1E55 /* TagItemCollectionViewCell.xib in Resources */ = {isa = PBXBuildFile; fileRef = 0444EE5722E2478A00EA1E55 /* TagItemCollectionViewCell.xib */; };
		0444EE5C22E2478A00EA1E55 /* TagItemCollectionViewCell.xib in Resources */ = {isa = PBXBuildFile; fileRef = 0444EE5722E2478A00EA1E55 /* TagItemCollectionViewCell.xib */; };
		0444EE5D22E2478A00EA1E55 /* TagItemCollectionViewCell.xib in Resources */ = {isa = PBXBuildFile; fileRef = 0444EE5722E2478A00EA1E55 /* TagItemCollectionViewCell.xib */; };
		045CF9D722E0A4750093F25E /* Assets.xcassets in Resources */ = {isa = PBXBuildFile; fileRef = 045CF9D622E0A4750093F25E /* Assets.xcassets */; };
		045CF9DA22E0A4750093F25E /* LaunchScreen.storyboard in Resources */ = {isa = PBXBuildFile; fileRef = 045CF9D822E0A4750093F25E /* LaunchScreen.storyboard */; };
		045CF9E522E0A4750093F25E /* ElMenusTests.swift in Sources */ = {isa = PBXBuildFile; fileRef = 045CF9E422E0A4750093F25E /* ElMenusTests.swift */; };
		045CF9F022E0A4750093F25E /* ElMenusUITests.swift in Sources */ = {isa = PBXBuildFile; fileRef = 045CF9EF22E0A4750093F25E /* ElMenusUITests.swift */; };
		0B14AB8EA9F493F9D5D4703B /* Pods_ElMenusUITests.framework in Frameworks */ = {isa = PBXBuildFile; fileRef = A112366F200AD3084A59A5D2 /* Pods_ElMenusUITests.framework */; };
		83E0A5C783EFD31C12E62F4A /* Pods_ElMenusTests.framework in Frameworks */ = {isa = PBXBuildFile; fileRef = 57CF1E7457DECAB143D05CD3 /* Pods_ElMenusTests.framework */; };
		A0C66BDF94B22EF249509CE8 /* Pods_ElMenus.framework in Frameworks */ = {isa = PBXBuildFile; fileRef = B8DFA6D79E011F467F7EC985 /* Pods_ElMenus.framework */; };
/* End PBXBuildFile section */

/* Begin PBXContainerItemProxy section */
		045CF9E122E0A4750093F25E /* PBXContainerItemProxy */ = {
			isa = PBXContainerItemProxy;
			containerPortal = 045CF9C422E0A4730093F25E /* Project object */;
			proxyType = 1;
			remoteGlobalIDString = 045CF9CB22E0A4730093F25E;
			remoteInfo = ElMenus;
		};
		045CF9EC22E0A4750093F25E /* PBXContainerItemProxy */ = {
			isa = PBXContainerItemProxy;
			containerPortal = 045CF9C422E0A4730093F25E /* Project object */;
			proxyType = 1;
			remoteGlobalIDString = 045CF9CB22E0A4730093F25E;
			remoteInfo = ElMenus;
		};
/* End PBXContainerItemProxy section */

/* Begin PBXFileReference section */
		042424DB22E4043F007349E9 /* BaseNetworkConnectionViewModel.swift */ = {isa = PBXFileReference; lastKnownFileType = sourcecode.swift; path = BaseNetworkConnectionViewModel.swift; sourceTree = "<group>"; };
		042424DD22E411A2007349E9 /* ItemsTagViewModel.swift */ = {isa = PBXFileReference; lastKnownFileType = sourcecode.swift; path = ItemsTagViewModel.swift; sourceTree = "<group>"; };
		04250A5722E35B0300AE1989 /* ItemsRepository.swift */ = {isa = PBXFileReference; lastKnownFileType = sourcecode.swift; path = ItemsRepository.swift; sourceTree = "<group>"; };
		04250A7422E35FD700AE1989 /* MenuViewController.swift */ = {isa = PBXFileReference; lastKnownFileType = sourcecode.swift; path = MenuViewController.swift; sourceTree = "<group>"; };
		04250A7622E3815400AE1989 /* TagsViewModel.swift */ = {isa = PBXFileReference; lastKnownFileType = sourcecode.swift; path = TagsViewModel.swift; sourceTree = "<group>"; };
		04250A7822E385EA00AE1989 /* TagItemCollectionViewCell.swift */ = {isa = PBXFileReference; lastKnownFileType = sourcecode.swift; path = TagItemCollectionViewCell.swift; sourceTree = "<group>"; };
		04250A7A22E3983500AE1989 /* TagTableViewCell.swift */ = {isa = PBXFileReference; lastKnownFileType = sourcecode.swift; path = TagTableViewCell.swift; sourceTree = "<group>"; };
		04250A7C22E3AA0500AE1989 /* UIViewExtension.swift */ = {isa = PBXFileReference; lastKnownFileType = sourcecode.swift; path = UIViewExtension.swift; sourceTree = "<group>"; };
		04250A7E22E3B1AA00AE1989 /* ItemTableViewCell.swift */ = {isa = PBXFileReference; lastKnownFileType = sourcecode.swift; path = ItemTableViewCell.swift; sourceTree = "<group>"; };
		04250A7F22E3B1AA00AE1989 /* ItemTableViewCell.xib */ = {isa = PBXFileReference; lastKnownFileType = file.xib; path = ItemTableViewCell.xib; sourceTree = "<group>"; };
		042A8A2A22E0EEFD005B4658 /* ErrorModel.swift */ = {isa = PBXFileReference; fileEncoding = 4; lastKnownFileType = sourcecode.swift; path = ErrorModel.swift; sourceTree = "<group>"; };
		042A8A2C22E0EEFD005B4658 /* UIColorExtension.swift */ = {isa = PBXFileReference; fileEncoding = 4; lastKnownFileType = sourcecode.swift; path = UIColorExtension.swift; sourceTree = "<group>"; };
		042A8A2D22E0EEFD005B4658 /* UITableViewExtension.swift */ = {isa = PBXFileReference; fileEncoding = 4; lastKnownFileType = sourcecode.swift; path = UITableViewExtension.swift; sourceTree = "<group>"; };
		042A8A2E22E0EEFD005B4658 /* SwiftTypeExtensions.swift */ = {isa = PBXFileReference; fileEncoding = 4; lastKnownFileType = sourcecode.swift; path = SwiftTypeExtensions.swift; sourceTree = "<group>"; };
		042A8A2F22E0EEFD005B4658 /* CollectionExtensions.swift */ = {isa = PBXFileReference; fileEncoding = 4; lastKnownFileType = sourcecode.swift; path = CollectionExtensions.swift; sourceTree = "<group>"; };
		042A8A3122E0EEFD005B4658 /* Constants.swift */ = {isa = PBXFileReference; fileEncoding = 4; lastKnownFileType = sourcecode.swift; path = Constants.swift; sourceTree = "<group>"; };
		042A8A3322E0EEFD005B4658 /* UIHelper.swift */ = {isa = PBXFileReference; fileEncoding = 4; lastKnownFileType = sourcecode.swift; path = UIHelper.swift; sourceTree = "<group>"; };
		042A8A3422E0EEFD005B4658 /* GlobalUtilities.swift */ = {isa = PBXFileReference; fileEncoding = 4; lastKnownFileType = sourcecode.swift; path = GlobalUtilities.swift; sourceTree = "<group>"; };
		042A8A5522E0F29A005B4658 /* GenericDao.swift */ = {isa = PBXFileReference; fileEncoding = 4; lastKnownFileType = sourcecode.swift; path = GenericDao.swift; sourceTree = "<group>"; };
		042A8A5722E0F29B005B4658 /* GenericBaseRepository.swift */ = {isa = PBXFileReference; fileEncoding = 4; lastKnownFileType = sourcecode.swift; path = GenericBaseRepository.swift; sourceTree = "<group>"; };
		042A8A5822E0F29B005B4658 /* GenericDataSourceContract.swift */ = {isa = PBXFileReference; fileEncoding = 4; lastKnownFileType = sourcecode.swift; path = GenericDataSourceContract.swift; sourceTree = "<group>"; };
		042A8A5A22E0F29B005B4658 /* GenericRequestClass.swift */ = {isa = PBXFileReference; fileEncoding = 4; lastKnownFileType = sourcecode.swift; path = GenericRequestClass.swift; sourceTree = "<group>"; };
		0432955222E2A62800C4C075 /* BaseMenuViewController.swift */ = {isa = PBXFileReference; lastKnownFileType = sourcecode.swift; path = BaseMenuViewController.swift; sourceTree = "<group>"; };
		0432955722E2ADEF00C4C075 /* TagsResponseModel.swift */ = {isa = PBXFileReference; lastKnownFileType = sourcecode.swift; path = TagsResponseModel.swift; sourceTree = "<group>"; };
		0432955A22E2AE0800C4C075 /* TagModel.swift */ = {isa = PBXFileReference; lastKnownFileType = sourcecode.swift; path = TagModel.swift; sourceTree = "<group>"; };
		0432955D22E2AF5400C4C075 /* ItemsResponseModel.swift */ = {isa = PBXFileReference; lastKnownFileType = sourcecode.swift; path = ItemsResponseModel.swift; sourceTree = "<group>"; };
		0432955F22E2AF6C00C4C075 /* ItemModel.swift */ = {isa = PBXFileReference; lastKnownFileType = sourcecode.swift; path = ItemModel.swift; sourceTree = "<group>"; };
		0432956222E2C1B600C4C075 /* TagsRepository.swift */ = {isa = PBXFileReference; lastKnownFileType = sourcecode.swift; path = TagsRepository.swift; sourceTree = "<group>"; };
		0444EE4722E240D800EA1E55 /* MenuViewController.xib */ = {isa = PBXFileReference; lastKnownFileType = file.xib; path = MenuViewController.xib; sourceTree = "<group>"; };
		0444EE4F22E2456100EA1E55 /* TagTableViewCell.xib */ = {isa = PBXFileReference; lastKnownFileType = file.xib; path = TagTableViewCell.xib; sourceTree = "<group>"; };
		0444EE5722E2478A00EA1E55 /* TagItemCollectionViewCell.xib */ = {isa = PBXFileReference; lastKnownFileType = file.xib; path = TagItemCollectionViewCell.xib; sourceTree = "<group>"; };
		045CF9CC22E0A4730093F25E /* ElMenus.app */ = {isa = PBXFileReference; explicitFileType = wrapper.application; includeInIndex = 0; path = ElMenus.app; sourceTree = BUILT_PRODUCTS_DIR; };
		045CF9CF22E0A4730093F25E /* AppDelegate.swift */ = {isa = PBXFileReference; lastKnownFileType = sourcecode.swift; path = AppDelegate.swift; sourceTree = "<group>"; };
		045CF9D622E0A4750093F25E /* Assets.xcassets */ = {isa = PBXFileReference; lastKnownFileType = folder.assetcatalog; path = Assets.xcassets; sourceTree = "<group>"; };
		045CF9D922E0A4750093F25E /* Base */ = {isa = PBXFileReference; lastKnownFileType = file.storyboard; name = Base; path = Base.lproj/LaunchScreen.storyboard; sourceTree = "<group>"; };
		045CF9DB22E0A4750093F25E /* Info.plist */ = {isa = PBXFileReference; lastKnownFileType = text.plist.xml; path = Info.plist; sourceTree = "<group>"; };
		045CF9E022E0A4750093F25E /* ElMenusTests.xctest */ = {isa = PBXFileReference; explicitFileType = wrapper.cfbundle; includeInIndex = 0; path = ElMenusTests.xctest; sourceTree = BUILT_PRODUCTS_DIR; };
		045CF9E422E0A4750093F25E /* ElMenusTests.swift */ = {isa = PBXFileReference; lastKnownFileType = sourcecode.swift; path = ElMenusTests.swift; sourceTree = "<group>"; };
		045CF9E622E0A4750093F25E /* Info.plist */ = {isa = PBXFileReference; lastKnownFileType = text.plist.xml; path = Info.plist; sourceTree = "<group>"; };
		045CF9EB22E0A4750093F25E /* ElMenusUITests.xctest */ = {isa = PBXFileReference; explicitFileType = wrapper.cfbundle; includeInIndex = 0; path = ElMenusUITests.xctest; sourceTree = BUILT_PRODUCTS_DIR; };
		045CF9EF22E0A4750093F25E /* ElMenusUITests.swift */ = {isa = PBXFileReference; lastKnownFileType = sourcecode.swift; path = ElMenusUITests.swift; sourceTree = "<group>"; };
		045CF9F122E0A4750093F25E /* Info.plist */ = {isa = PBXFileReference; lastKnownFileType = text.plist.xml; path = Info.plist; sourceTree = "<group>"; };
		3917FB1F76EBE2863BA7E385 /* Pods-ElMenusTests.release.xcconfig */ = {isa = PBXFileReference; includeInIndex = 1; lastKnownFileType = text.xcconfig; name = "Pods-ElMenusTests.release.xcconfig"; path = "Pods/Target Support Files/Pods-ElMenusTests/Pods-ElMenusTests.release.xcconfig"; sourceTree = "<group>"; };
		57CF1E7457DECAB143D05CD3 /* Pods_ElMenusTests.framework */ = {isa = PBXFileReference; explicitFileType = wrapper.framework; includeInIndex = 0; path = Pods_ElMenusTests.framework; sourceTree = BUILT_PRODUCTS_DIR; };
		7CC7F04F292EAFAAC7D6CB1B /* Pods-ElMenusUITests.debug.xcconfig */ = {isa = PBXFileReference; includeInIndex = 1; lastKnownFileType = text.xcconfig; name = "Pods-ElMenusUITests.debug.xcconfig"; path = "Pods/Target Support Files/Pods-ElMenusUITests/Pods-ElMenusUITests.debug.xcconfig"; sourceTree = "<group>"; };
		81409739126CE4C31CE6B0D4 /* Pods-ElMenus.debug.xcconfig */ = {isa = PBXFileReference; includeInIndex = 1; lastKnownFileType = text.xcconfig; name = "Pods-ElMenus.debug.xcconfig"; path = "Pods/Target Support Files/Pods-ElMenus/Pods-ElMenus.debug.xcconfig"; sourceTree = "<group>"; };
		8ABDBC9A193C3802A7FF5B5D /* Pods-ElMenus.release.xcconfig */ = {isa = PBXFileReference; includeInIndex = 1; lastKnownFileType = text.xcconfig; name = "Pods-ElMenus.release.xcconfig"; path = "Pods/Target Support Files/Pods-ElMenus/Pods-ElMenus.release.xcconfig"; sourceTree = "<group>"; };
		A112366F200AD3084A59A5D2 /* Pods_ElMenusUITests.framework */ = {isa = PBXFileReference; explicitFileType = wrapper.framework; includeInIndex = 0; path = Pods_ElMenusUITests.framework; sourceTree = BUILT_PRODUCTS_DIR; };
		B8DFA6D79E011F467F7EC985 /* Pods_ElMenus.framework */ = {isa = PBXFileReference; explicitFileType = wrapper.framework; includeInIndex = 0; path = Pods_ElMenus.framework; sourceTree = BUILT_PRODUCTS_DIR; };
		DA80F14F6E4C99FB20D3E12D /* Pods-ElMenusTests.debug.xcconfig */ = {isa = PBXFileReference; includeInIndex = 1; lastKnownFileType = text.xcconfig; name = "Pods-ElMenusTests.debug.xcconfig"; path = "Pods/Target Support Files/Pods-ElMenusTests/Pods-ElMenusTests.debug.xcconfig"; sourceTree = "<group>"; };
		E1A2F85D18C83511BF3DC9B0 /* Pods-ElMenusUITests.release.xcconfig */ = {isa = PBXFileReference; includeInIndex = 1; lastKnownFileType = text.xcconfig; name = "Pods-ElMenusUITests.release.xcconfig"; path = "Pods/Target Support Files/Pods-ElMenusUITests/Pods-ElMenusUITests.release.xcconfig"; sourceTree = "<group>"; };
/* End PBXFileReference section */

/* Begin PBXFrameworksBuildPhase section */
		045CF9C922E0A4730093F25E /* Frameworks */ = {
			isa = PBXFrameworksBuildPhase;
			buildActionMask = 2147483647;
			files = (
				A0C66BDF94B22EF249509CE8 /* Pods_ElMenus.framework in Frameworks */,
			);
			runOnlyForDeploymentPostprocessing = 0;
		};
		045CF9DD22E0A4750093F25E /* Frameworks */ = {
			isa = PBXFrameworksBuildPhase;
			buildActionMask = 2147483647;
			files = (
				83E0A5C783EFD31C12E62F4A /* Pods_ElMenusTests.framework in Frameworks */,
			);
			runOnlyForDeploymentPostprocessing = 0;
		};
		045CF9E822E0A4750093F25E /* Frameworks */ = {
			isa = PBXFrameworksBuildPhase;
			buildActionMask = 2147483647;
			files = (
				0B14AB8EA9F493F9D5D4703B /* Pods_ElMenusUITests.framework in Frameworks */,
			);
			runOnlyForDeploymentPostprocessing = 0;
		};
/* End PBXFrameworksBuildPhase section */

/* Begin PBXGroup section */
		042424DA22E4042B007349E9 /* Base */ = {
			isa = PBXGroup;
			children = (
				042424DB22E4043F007349E9 /* BaseNetworkConnectionViewModel.swift */,
			);
			path = Base;
			sourceTree = "<group>";
		};
		042A8A2922E0EEFD005B4658 /* GloabalModels */ = {
			isa = PBXGroup;
			children = (
				042A8A2A22E0EEFD005B4658 /* ErrorModel.swift */,
			);
			path = GloabalModels;
			sourceTree = "<group>";
		};
		042A8A2B22E0EEFD005B4658 /* Extensions */ = {
			isa = PBXGroup;
			children = (
				042A8A2C22E0EEFD005B4658 /* UIColorExtension.swift */,
				042A8A2D22E0EEFD005B4658 /* UITableViewExtension.swift */,
				042A8A2E22E0EEFD005B4658 /* SwiftTypeExtensions.swift */,
				042A8A2F22E0EEFD005B4658 /* CollectionExtensions.swift */,
				04250A7C22E3AA0500AE1989 /* UIViewExtension.swift */,
			);
			path = Extensions;
			sourceTree = "<group>";
		};
		042A8A3022E0EEFD005B4658 /* Constants */ = {
			isa = PBXGroup;
			children = (
				042A8A3122E0EEFD005B4658 /* Constants.swift */,
			);
			path = Constants;
			sourceTree = "<group>";
		};
		042A8A3222E0EEFD005B4658 /* Helpers */ = {
			isa = PBXGroup;
			children = (
				042A8A3322E0EEFD005B4658 /* UIHelper.swift */,
				042A8A3422E0EEFD005B4658 /* GlobalUtilities.swift */,
			);
			path = Helpers;
			sourceTree = "<group>";
		};
		042A8A5322E0F29A005B4658 /* GenericRepository */ = {
			isa = PBXGroup;
			children = (
				042A8A5422E0F29A005B4658 /* Local */,
				042A8A5622E0F29B005B4658 /* Repo */,
				042A8A5922E0F29B005B4658 /* Remote */,
			);
			path = GenericRepository;
			sourceTree = "<group>";
		};
		042A8A5422E0F29A005B4658 /* Local */ = {
			isa = PBXGroup;
			children = (
				042A8A5522E0F29A005B4658 /* GenericDao.swift */,
			);
			path = Local;
			sourceTree = "<group>";
		};
		042A8A5622E0F29B005B4658 /* Repo */ = {
			isa = PBXGroup;
			children = (
				042A8A5722E0F29B005B4658 /* GenericBaseRepository.swift */,
				042A8A5822E0F29B005B4658 /* GenericDataSourceContract.swift */,
			);
			path = Repo;
			sourceTree = "<group>";
		};
		042A8A5922E0F29B005B4658 /* Remote */ = {
			isa = PBXGroup;
			children = (
				042A8A5A22E0F29B005B4658 /* GenericRequestClass.swift */,
			);
			path = Remote;
			sourceTree = "<group>";
		};
		0432955122E2A61100C4C075 /* Base */ = {
			isa = PBXGroup;
			children = (
				0432955222E2A62800C4C075 /* BaseMenuViewController.swift */,
			);
			path = Base;
			sourceTree = "<group>";
		};
		0432955522E2AD9900C4C075 /* Data */ = {
			isa = PBXGroup;
			children = (
				0432955922E2ADF700C4C075 /* BasicModels */,
				0432955622E2ADAB00C4C075 /* RespondeModels */,
			);
			path = Data;
			sourceTree = "<group>";
		};
		0432955622E2ADAB00C4C075 /* RespondeModels */ = {
			isa = PBXGroup;
			children = (
				0432955722E2ADEF00C4C075 /* TagsResponseModel.swift */,
				0432955D22E2AF5400C4C075 /* ItemsResponseModel.swift */,
			);
			path = RespondeModels;
			sourceTree = "<group>";
		};
		0432955922E2ADF700C4C075 /* BasicModels */ = {
			isa = PBXGroup;
			children = (
				0432955A22E2AE0800C4C075 /* TagModel.swift */,
				0432955F22E2AF6C00C4C075 /* ItemModel.swift */,
			);
			path = BasicModels;
			sourceTree = "<group>";
		};
		0432956122E2C19D00C4C075 /* Source */ = {
			isa = PBXGroup;
			children = (
				0432956222E2C1B600C4C075 /* TagsRepository.swift */,
				04250A5722E35B0300AE1989 /* ItemsRepository.swift */,
			);
			path = Source;
			sourceTree = "<group>";
		};
		0444EE3E22E2404200EA1E55 /* Menu Screen */ = {
			isa = PBXGroup;
			children = (
				0444EE4122E2407B00EA1E55 /* Views */,
				0444EE4022E2407000EA1E55 /* Models */,
				0444EE3F22E2405F00EA1E55 /* ViewModels */,
			);
			path = "Menu Screen";
			sourceTree = "<group>";
		};
		0444EE3F22E2405F00EA1E55 /* ViewModels */ = {
			isa = PBXGroup;
			children = (
				042424DA22E4042B007349E9 /* Base */,
				04250A7622E3815400AE1989 /* TagsViewModel.swift */,
				042424DD22E411A2007349E9 /* ItemsTagViewModel.swift */,
			);
			path = ViewModels;
			sourceTree = "<group>";
		};
		0444EE4022E2407000EA1E55 /* Models */ = {
			isa = PBXGroup;
			children = (
				0432956122E2C19D00C4C075 /* Source */,
				0432955522E2AD9900C4C075 /* Data */,
			);
			path = Models;
			sourceTree = "<group>";
		};
		0444EE4122E2407B00EA1E55 /* Views */ = {
			isa = PBXGroup;
			children = (
				0444EE4322E2408900EA1E55 /* Controllers */,
				0444EE4222E2408300EA1E55 /* Xibs */,
			);
			path = Views;
			sourceTree = "<group>";
		};
		0444EE4222E2408300EA1E55 /* Xibs */ = {
			isa = PBXGroup;
			children = (
				0444EE4522E240B900EA1E55 /* Cells */,
				0444EE4722E240D800EA1E55 /* MenuViewController.xib */,
			);
			path = Xibs;
			sourceTree = "<group>";
		};
		0444EE4322E2408900EA1E55 /* Controllers */ = {
			isa = PBXGroup;
			children = (
				0432955122E2A61100C4C075 /* Base */,
				0444EE4422E240A000EA1E55 /* CellClasses */,
				04250A7422E35FD700AE1989 /* MenuViewController.swift */,
			);
			path = Controllers;
			sourceTree = "<group>";
		};
		0444EE4422E240A000EA1E55 /* CellClasses */ = {
			isa = PBXGroup;
			children = (
				04250A7E22E3B1AA00AE1989 /* ItemTableViewCell.swift */,
				04250A7822E385EA00AE1989 /* TagItemCollectionViewCell.swift */,
				04250A7A22E3983500AE1989 /* TagTableViewCell.swift */,
			);
			path = CellClasses;
			sourceTree = "<group>";
		};
		0444EE4522E240B900EA1E55 /* Cells */ = {
			isa = PBXGroup;
			children = (
				0444EE4F22E2456100EA1E55 /* TagTableViewCell.xib */,
				0444EE5722E2478A00EA1E55 /* TagItemCollectionViewCell.xib */,
				04250A7F22E3B1AA00AE1989 /* ItemTableViewCell.xib */,
			);
			path = Cells;
			sourceTree = "<group>";
		};
		045CF9C322E0A4730093F25E = {
			isa = PBXGroup;
			children = (
				045CF9CE22E0A4730093F25E /* ElMenus */,
				045CF9E322E0A4750093F25E /* ElMenusTests */,
				045CF9EE22E0A4750093F25E /* ElMenusUITests */,
				045CF9CD22E0A4730093F25E /* Products */,
				B8F0942B09AC5F0CD3649B90 /* Pods */,
				8E03C1695904CBCEE13E740C /* Frameworks */,
			);
			sourceTree = "<group>";
		};
		045CF9CD22E0A4730093F25E /* Products */ = {
			isa = PBXGroup;
			children = (
				045CF9CC22E0A4730093F25E /* ElMenus.app */,
				045CF9E022E0A4750093F25E /* ElMenusTests.xctest */,
				045CF9EB22E0A4750093F25E /* ElMenusUITests.xctest */,
			);
			name = Products;
			sourceTree = "<group>";
		};
		045CF9CE22E0A4730093F25E /* ElMenus */ = {
			isa = PBXGroup;
			children = (
				0444EE3E22E2404200EA1E55 /* Menu Screen */,
				042A8A5322E0F29A005B4658 /* GenericRepository */,
				042A8A3022E0EEFD005B4658 /* Constants */,
				042A8A2B22E0EEFD005B4658 /* Extensions */,
				042A8A2922E0EEFD005B4658 /* GloabalModels */,
				042A8A3222E0EEFD005B4658 /* Helpers */,
				045CF9CF22E0A4730093F25E /* AppDelegate.swift */,
				045CF9D622E0A4750093F25E /* Assets.xcassets */,
				045CF9D822E0A4750093F25E /* LaunchScreen.storyboard */,
				045CF9DB22E0A4750093F25E /* Info.plist */,
			);
			path = ElMenus;
			sourceTree = "<group>";
		};
		045CF9E322E0A4750093F25E /* ElMenusTests */ = {
			isa = PBXGroup;
			children = (
				045CF9E422E0A4750093F25E /* ElMenusTests.swift */,
				045CF9E622E0A4750093F25E /* Info.plist */,
			);
			path = ElMenusTests;
			sourceTree = "<group>";
		};
		045CF9EE22E0A4750093F25E /* ElMenusUITests */ = {
			isa = PBXGroup;
			children = (
				045CF9EF22E0A4750093F25E /* ElMenusUITests.swift */,
				045CF9F122E0A4750093F25E /* Info.plist */,
			);
			path = ElMenusUITests;
			sourceTree = "<group>";
		};
		8E03C1695904CBCEE13E740C /* Frameworks */ = {
			isa = PBXGroup;
			children = (
				B8DFA6D79E011F467F7EC985 /* Pods_ElMenus.framework */,
				57CF1E7457DECAB143D05CD3 /* Pods_ElMenusTests.framework */,
				A112366F200AD3084A59A5D2 /* Pods_ElMenusUITests.framework */,
			);
			name = Frameworks;
			sourceTree = "<group>";
		};
		B8F0942B09AC5F0CD3649B90 /* Pods */ = {
			isa = PBXGroup;
			children = (
				81409739126CE4C31CE6B0D4 /* Pods-ElMenus.debug.xcconfig */,
				8ABDBC9A193C3802A7FF5B5D /* Pods-ElMenus.release.xcconfig */,
				DA80F14F6E4C99FB20D3E12D /* Pods-ElMenusTests.debug.xcconfig */,
				3917FB1F76EBE2863BA7E385 /* Pods-ElMenusTests.release.xcconfig */,
				7CC7F04F292EAFAAC7D6CB1B /* Pods-ElMenusUITests.debug.xcconfig */,
				E1A2F85D18C83511BF3DC9B0 /* Pods-ElMenusUITests.release.xcconfig */,
			);
			name = Pods;
			sourceTree = "<group>";
		};
/* End PBXGroup section */

/* Begin PBXNativeTarget section */
		045CF9CB22E0A4730093F25E /* ElMenus */ = {
			isa = PBXNativeTarget;
			buildConfigurationList = 045CF9F422E0A4750093F25E /* Build configuration list for PBXNativeTarget "ElMenus" */;
			buildPhases = (
				F6846FEB233C6578576E91C8 /* [CP] Check Pods Manifest.lock */,
				045CF9C822E0A4730093F25E /* Sources */,
				045CF9C922E0A4730093F25E /* Frameworks */,
				045CF9CA22E0A4730093F25E /* Resources */,
				F6F993E7A68E20D9B8F75FFB /* [CP] Embed Pods Frameworks */,
			);
			buildRules = (
			);
			dependencies = (
			);
			name = ElMenus;
			productName = ElMenus;
			productReference = 045CF9CC22E0A4730093F25E /* ElMenus.app */;
			productType = "com.apple.product-type.application";
		};
		045CF9DF22E0A4750093F25E /* ElMenusTests */ = {
			isa = PBXNativeTarget;
			buildConfigurationList = 045CF9F722E0A4750093F25E /* Build configuration list for PBXNativeTarget "ElMenusTests" */;
			buildPhases = (
				5DF046053D1B3ACDCEAEB673 /* [CP] Check Pods Manifest.lock */,
				045CF9DC22E0A4750093F25E /* Sources */,
				045CF9DD22E0A4750093F25E /* Frameworks */,
				045CF9DE22E0A4750093F25E /* Resources */,
			);
			buildRules = (
			);
			dependencies = (
				045CF9E222E0A4750093F25E /* PBXTargetDependency */,
			);
			name = ElMenusTests;
			productName = ElMenusTests;
			productReference = 045CF9E022E0A4750093F25E /* ElMenusTests.xctest */;
			productType = "com.apple.product-type.bundle.unit-test";
		};
		045CF9EA22E0A4750093F25E /* ElMenusUITests */ = {
			isa = PBXNativeTarget;
			buildConfigurationList = 045CF9FA22E0A4750093F25E /* Build configuration list for PBXNativeTarget "ElMenusUITests" */;
			buildPhases = (
				CA759AFBB9FFAF2191E434B3 /* [CP] Check Pods Manifest.lock */,
				045CF9E722E0A4750093F25E /* Sources */,
				045CF9E822E0A4750093F25E /* Frameworks */,
				045CF9E922E0A4750093F25E /* Resources */,
			);
			buildRules = (
			);
			dependencies = (
				045CF9ED22E0A4750093F25E /* PBXTargetDependency */,
			);
			name = ElMenusUITests;
			productName = ElMenusUITests;
			productReference = 045CF9EB22E0A4750093F25E /* ElMenusUITests.xctest */;
			productType = "com.apple.product-type.bundle.ui-testing";
		};
/* End PBXNativeTarget section */

/* Begin PBXProject section */
		045CF9C422E0A4730093F25E /* Project object */ = {
			isa = PBXProject;
			attributes = {
				LastSwiftUpdateCheck = 1000;
				LastUpgradeCheck = 1000;
				ORGANIZATIONNAME = OwnProjects;
				TargetAttributes = {
					045CF9CB22E0A4730093F25E = {
						CreatedOnToolsVersion = 10.0;
					};
					045CF9DF22E0A4750093F25E = {
						CreatedOnToolsVersion = 10.0;
						TestTargetID = 045CF9CB22E0A4730093F25E;
					};
					045CF9EA22E0A4750093F25E = {
						CreatedOnToolsVersion = 10.0;
						TestTargetID = 045CF9CB22E0A4730093F25E;
					};
				};
			};
			buildConfigurationList = 045CF9C722E0A4730093F25E /* Build configuration list for PBXProject "ElMenus" */;
			compatibilityVersion = "Xcode 9.3";
			developmentRegion = en;
			hasScannedForEncodings = 0;
			knownRegions = (
				en,
				Base,
			);
			mainGroup = 045CF9C322E0A4730093F25E;
			productRefGroup = 045CF9CD22E0A4730093F25E /* Products */;
			projectDirPath = "";
			projectRoot = "";
			targets = (
				045CF9CB22E0A4730093F25E /* ElMenus */,
				045CF9DF22E0A4750093F25E /* ElMenusTests */,
				045CF9EA22E0A4750093F25E /* ElMenusUITests */,
			);
		};
/* End PBXProject section */

/* Begin PBXResourcesBuildPhase section */
		045CF9CA22E0A4730093F25E /* Resources */ = {
			isa = PBXResourcesBuildPhase;
			buildActionMask = 2147483647;
			files = (
				0444EE5322E2456100EA1E55 /* TagTableViewCell.xib in Resources */,
				0444EE5B22E2478A00EA1E55 /* TagItemCollectionViewCell.xib in Resources */,
				045CF9DA22E0A4750093F25E /* LaunchScreen.storyboard in Resources */,
				0444EE4B22E240D800EA1E55 /* MenuViewController.xib in Resources */,
				04250A8122E3B1AA00AE1989 /* ItemTableViewCell.xib in Resources */,
				045CF9D722E0A4750093F25E /* Assets.xcassets in Resources */,
			);
			runOnlyForDeploymentPostprocessing = 0;
		};
		045CF9DE22E0A4750093F25E /* Resources */ = {
			isa = PBXResourcesBuildPhase;
			buildActionMask = 2147483647;
			files = (
				0444EE5C22E2478A00EA1E55 /* TagItemCollectionViewCell.xib in Resources */,
				0444EE5422E2456100EA1E55 /* TagTableViewCell.xib in Resources */,
				0444EE4C22E240D800EA1E55 /* MenuViewController.xib in Resources */,
			);
			runOnlyForDeploymentPostprocessing = 0;
		};
		045CF9E922E0A4750093F25E /* Resources */ = {
			isa = PBXResourcesBuildPhase;
			buildActionMask = 2147483647;
			files = (
				0444EE5D22E2478A00EA1E55 /* TagItemCollectionViewCell.xib in Resources */,
				0444EE5522E2456100EA1E55 /* TagTableViewCell.xib in Resources */,
				0444EE4D22E240D800EA1E55 /* MenuViewController.xib in Resources */,
			);
			runOnlyForDeploymentPostprocessing = 0;
		};
/* End PBXResourcesBuildPhase section */

/* Begin PBXShellScriptBuildPhase section */
		5DF046053D1B3ACDCEAEB673 /* [CP] Check Pods Manifest.lock */ = {
			isa = PBXShellScriptBuildPhase;
			buildActionMask = 2147483647;
			files = (
			);
			inputFileListPaths = (
			);
			inputPaths = (
				"${PODS_PODFILE_DIR_PATH}/Podfile.lock",
				"${PODS_ROOT}/Manifest.lock",
			);
			name = "[CP] Check Pods Manifest.lock";
			outputFileListPaths = (
			);
			outputPaths = (
				"$(DERIVED_FILE_DIR)/Pods-ElMenusTests-checkManifestLockResult.txt",
			);
			runOnlyForDeploymentPostprocessing = 0;
			shellPath = /bin/sh;
			shellScript = "diff \"${PODS_PODFILE_DIR_PATH}/Podfile.lock\" \"${PODS_ROOT}/Manifest.lock\" > /dev/null\nif [ $? != 0 ] ; then\n    # print error to STDERR\n    echo \"error: The sandbox is not in sync with the Podfile.lock. Run 'pod install' or update your CocoaPods installation.\" >&2\n    exit 1\nfi\n# This output is used by Xcode 'outputs' to avoid re-running this script phase.\necho \"SUCCESS\" > \"${SCRIPT_OUTPUT_FILE_0}\"\n";
			showEnvVarsInLog = 0;
		};
		CA759AFBB9FFAF2191E434B3 /* [CP] Check Pods Manifest.lock */ = {
			isa = PBXShellScriptBuildPhase;
			buildActionMask = 2147483647;
			files = (
			);
			inputFileListPaths = (
			);
			inputPaths = (
				"${PODS_PODFILE_DIR_PATH}/Podfile.lock",
				"${PODS_ROOT}/Manifest.lock",
			);
			name = "[CP] Check Pods Manifest.lock";
			outputFileListPaths = (
			);
			outputPaths = (
				"$(DERIVED_FILE_DIR)/Pods-ElMenusUITests-checkManifestLockResult.txt",
			);
			runOnlyForDeploymentPostprocessing = 0;
			shellPath = /bin/sh;
			shellScript = "diff \"${PODS_PODFILE_DIR_PATH}/Podfile.lock\" \"${PODS_ROOT}/Manifest.lock\" > /dev/null\nif [ $? != 0 ] ; then\n    # print error to STDERR\n    echo \"error: The sandbox is not in sync with the Podfile.lock. Run 'pod install' or update your CocoaPods installation.\" >&2\n    exit 1\nfi\n# This output is used by Xcode 'outputs' to avoid re-running this script phase.\necho \"SUCCESS\" > \"${SCRIPT_OUTPUT_FILE_0}\"\n";
			showEnvVarsInLog = 0;
		};
		F6846FEB233C6578576E91C8 /* [CP] Check Pods Manifest.lock */ = {
			isa = PBXShellScriptBuildPhase;
			buildActionMask = 2147483647;
			files = (
			);
			inputFileListPaths = (
			);
			inputPaths = (
				"${PODS_PODFILE_DIR_PATH}/Podfile.lock",
				"${PODS_ROOT}/Manifest.lock",
			);
			name = "[CP] Check Pods Manifest.lock";
			outputFileListPaths = (
			);
			outputPaths = (
				"$(DERIVED_FILE_DIR)/Pods-ElMenus-checkManifestLockResult.txt",
			);
			runOnlyForDeploymentPostprocessing = 0;
			shellPath = /bin/sh;
			shellScript = "diff \"${PODS_PODFILE_DIR_PATH}/Podfile.lock\" \"${PODS_ROOT}/Manifest.lock\" > /dev/null\nif [ $? != 0 ] ; then\n    # print error to STDERR\n    echo \"error: The sandbox is not in sync with the Podfile.lock. Run 'pod install' or update your CocoaPods installation.\" >&2\n    exit 1\nfi\n# This output is used by Xcode 'outputs' to avoid re-running this script phase.\necho \"SUCCESS\" > \"${SCRIPT_OUTPUT_FILE_0}\"\n";
			showEnvVarsInLog = 0;
		};
		F6F993E7A68E20D9B8F75FFB /* [CP] Embed Pods Frameworks */ = {
			isa = PBXShellScriptBuildPhase;
			buildActionMask = 2147483647;
			files = (
			);
			inputFileListPaths = (
			);
			inputPaths = (
				"${SRCROOT}/Pods/Target Support Files/Pods-ElMenus/Pods-ElMenus-frameworks.sh",
				"${BUILT_PRODUCTS_DIR}/Alamofire/Alamofire.framework",
				"${BUILT_PRODUCTS_DIR}/ObjectMapper/ObjectMapper.framework",
				"${BUILT_PRODUCTS_DIR}/ObjectMapper+Realm/ObjectMapper_Realm.framework",
				"${BUILT_PRODUCTS_DIR}/ReachabilitySwift/Reachability.framework",
				"${BUILT_PRODUCTS_DIR}/Realm/Realm.framework",
				"${BUILT_PRODUCTS_DIR}/RealmSwift/RealmSwift.framework",
				"${BUILT_PRODUCTS_DIR}/RxCocoa/RxCocoa.framework",
				"${BUILT_PRODUCTS_DIR}/RxSwift/RxSwift.framework",
				"${BUILT_PRODUCTS_DIR}/RxSwiftUtilities/RxSwiftUtilities.framework",
				"${BUILT_PRODUCTS_DIR}/SDWebImage/SDWebImage.framework",
				"${BUILT_PRODUCTS_DIR}/SKPhotoBrowser/SKPhotoBrowser.framework",
				"${BUILT_PRODUCTS_DIR}/SVProgressHUD/SVProgressHUD.framework",
				"${BUILT_PRODUCTS_DIR}/TWMessageBarManager/TWMessageBarManager.framework",
			);
			name = "[CP] Embed Pods Frameworks";
			outputFileListPaths = (
			);
			outputPaths = (
				"${TARGET_BUILD_DIR}/${FRAMEWORKS_FOLDER_PATH}/Alamofire.framework",
				"${TARGET_BUILD_DIR}/${FRAMEWORKS_FOLDER_PATH}/ObjectMapper.framework",
				"${TARGET_BUILD_DIR}/${FRAMEWORKS_FOLDER_PATH}/ObjectMapper_Realm.framework",
				"${TARGET_BUILD_DIR}/${FRAMEWORKS_FOLDER_PATH}/Reachability.framework",
				"${TARGET_BUILD_DIR}/${FRAMEWORKS_FOLDER_PATH}/Realm.framework",
				"${TARGET_BUILD_DIR}/${FRAMEWORKS_FOLDER_PATH}/RealmSwift.framework",
				"${TARGET_BUILD_DIR}/${FRAMEWORKS_FOLDER_PATH}/RxCocoa.framework",
				"${TARGET_BUILD_DIR}/${FRAMEWORKS_FOLDER_PATH}/RxSwift.framework",
				"${TARGET_BUILD_DIR}/${FRAMEWORKS_FOLDER_PATH}/RxSwiftUtilities.framework",
				"${TARGET_BUILD_DIR}/${FRAMEWORKS_FOLDER_PATH}/SDWebImage.framework",
				"${TARGET_BUILD_DIR}/${FRAMEWORKS_FOLDER_PATH}/SKPhotoBrowser.framework",
				"${TARGET_BUILD_DIR}/${FRAMEWORKS_FOLDER_PATH}/SVProgressHUD.framework",
				"${TARGET_BUILD_DIR}/${FRAMEWORKS_FOLDER_PATH}/TWMessageBarManager.framework",
			);
			runOnlyForDeploymentPostprocessing = 0;
			shellPath = /bin/sh;
			shellScript = "\"${SRCROOT}/Pods/Target Support Files/Pods-ElMenus/Pods-ElMenus-frameworks.sh\"\n";
			showEnvVarsInLog = 0;
		};
/* End PBXShellScriptBuildPhase section */

/* Begin PBXSourcesBuildPhase section */
		045CF9C822E0A4730093F25E /* Sources */ = {
			isa = PBXSourcesBuildPhase;
			buildActionMask = 2147483647;
			files = (
				04250A7222E35F6600AE1989 /* TagsRepository.swift in Sources */,
				04250A7722E3815400AE1989 /* TagsViewModel.swift in Sources */,
				04250A7322E35F6600AE1989 /* ItemsRepository.swift in Sources */,
				04250A5922E35EEE00AE1989 /* BaseMenuViewController.swift in Sources */,
				04250A5F22E35EEE00AE1989 /* TagModel.swift in Sources */,
				042424DC22E4043F007349E9 /* BaseNetworkConnectionViewModel.swift in Sources */,
				04250A6022E35EEE00AE1989 /* ItemModel.swift in Sources */,
				04250A8022E3B1AA00AE1989 /* ItemTableViewCell.swift in Sources */,
				04250A6122E35EEE00AE1989 /* TagsResponseModel.swift in Sources */,
				04250A6222E35EEE00AE1989 /* ItemsResponseModel.swift in Sources */,
				04250A7B22E3983500AE1989 /* TagTableViewCell.swift in Sources */,
				04250A6322E35EEE00AE1989 /* GenericDao.swift in Sources */,
				04250A6422E35EEE00AE1989 /* GenericBaseRepository.swift in Sources */,
				04250A6522E35EEE00AE1989 /* GenericDataSourceContract.swift in Sources */,
				04250A6622E35EEE00AE1989 /* GenericRequestClass.swift in Sources */,
				04250A6722E35EEE00AE1989 /* Constants.swift in Sources */,
				04250A6822E35EEE00AE1989 /* UIColorExtension.swift in Sources */,
				04250A6922E35EEE00AE1989 /* UITableViewExtension.swift in Sources */,
				04250A6A22E35EEE00AE1989 /* SwiftTypeExtensions.swift in Sources */,
				04250A6B22E35EEE00AE1989 /* CollectionExtensions.swift in Sources */,
				04250A6C22E35EEE00AE1989 /* ErrorModel.swift in Sources */,
				04250A6D22E35EEE00AE1989 /* UIHelper.swift in Sources */,
				04250A7D22E3AA0500AE1989 /* UIViewExtension.swift in Sources */,
				04250A7922E385EA00AE1989 /* TagItemCollectionViewCell.swift in Sources */,
				042424DE22E411A2007349E9 /* ItemsTagViewModel.swift in Sources */,
				04250A6E22E35EEE00AE1989 /* GlobalUtilities.swift in Sources */,
				04250A6F22E35EEE00AE1989 /* AppDelegate.swift in Sources */,
				04250A7522E35FD700AE1989 /* MenuViewController.swift in Sources */,
			);
			runOnlyForDeploymentPostprocessing = 0;
		};
		045CF9DC22E0A4750093F25E /* Sources */ = {
			isa = PBXSourcesBuildPhase;
			buildActionMask = 2147483647;
			files = (
				042A8A3722E0EEFE005B4658 /* ErrorModel.swift in Sources */,
				042A8A5F22E0F29B005B4658 /* GenericBaseRepository.swift in Sources */,
				042A8A4322E0EEFE005B4658 /* CollectionExtensions.swift in Sources */,
				042A8A4022E0EEFE005B4658 /* SwiftTypeExtensions.swift in Sources */,
				045CF9E522E0A4750093F25E /* ElMenusTests.swift in Sources */,
				042A8A6522E0F29B005B4658 /* GenericRequestClass.swift in Sources */,
				042A8A4622E0EEFE005B4658 /* Constants.swift in Sources */,
				042A8A3A22E0EEFE005B4658 /* UIColorExtension.swift in Sources */,
				042A8A4C22E0EEFE005B4658 /* GlobalUtilities.swift in Sources */,
				042A8A3D22E0EEFE005B4658 /* UITableViewExtension.swift in Sources */,
				042A8A5C22E0F29B005B4658 /* GenericDao.swift in Sources */,
				042A8A6222E0F29B005B4658 /* GenericDataSourceContract.swift in Sources */,
				042A8A4922E0EEFE005B4658 /* UIHelper.swift in Sources */,
			);
			runOnlyForDeploymentPostprocessing = 0;
		};
		045CF9E722E0A4750093F25E /* Sources */ = {
			isa = PBXSourcesBuildPhase;
			buildActionMask = 2147483647;
			files = (
				042A8A3822E0EEFE005B4658 /* ErrorModel.swift in Sources */,
				042A8A6022E0F29B005B4658 /* GenericBaseRepository.swift in Sources */,
				042A8A4422E0EEFE005B4658 /* CollectionExtensions.swift in Sources */,
				042A8A4122E0EEFE005B4658 /* SwiftTypeExtensions.swift in Sources */,
				045CF9F022E0A4750093F25E /* ElMenusUITests.swift in Sources */,
				042A8A6622E0F29B005B4658 /* GenericRequestClass.swift in Sources */,
				042A8A4722E0EEFE005B4658 /* Constants.swift in Sources */,
				042A8A3B22E0EEFE005B4658 /* UIColorExtension.swift in Sources */,
				042A8A4D22E0EEFE005B4658 /* GlobalUtilities.swift in Sources */,
				042A8A3E22E0EEFE005B4658 /* UITableViewExtension.swift in Sources */,
				042A8A5D22E0F29B005B4658 /* GenericDao.swift in Sources */,
				042A8A6322E0F29B005B4658 /* GenericDataSourceContract.swift in Sources */,
				042A8A4A22E0EEFE005B4658 /* UIHelper.swift in Sources */,
			);
			runOnlyForDeploymentPostprocessing = 0;
		};
/* End PBXSourcesBuildPhase section */

/* Begin PBXTargetDependency section */
		045CF9E222E0A4750093F25E /* PBXTargetDependency */ = {
			isa = PBXTargetDependency;
			target = 045CF9CB22E0A4730093F25E /* ElMenus */;
			targetProxy = 045CF9E122E0A4750093F25E /* PBXContainerItemProxy */;
		};
		045CF9ED22E0A4750093F25E /* PBXTargetDependency */ = {
			isa = PBXTargetDependency;
			target = 045CF9CB22E0A4730093F25E /* ElMenus */;
			targetProxy = 045CF9EC22E0A4750093F25E /* PBXContainerItemProxy */;
		};
/* End PBXTargetDependency section */

/* Begin PBXVariantGroup section */
		045CF9D822E0A4750093F25E /* LaunchScreen.storyboard */ = {
			isa = PBXVariantGroup;
			children = (
				045CF9D922E0A4750093F25E /* Base */,
			);
			name = LaunchScreen.storyboard;
			sourceTree = "<group>";
		};
/* End PBXVariantGroup section */

/* Begin XCBuildConfiguration section */
		045CF9F222E0A4750093F25E /* Debug */ = {
			isa = XCBuildConfiguration;
			buildSettings = {
				ALWAYS_SEARCH_USER_PATHS = NO;
				CLANG_ANALYZER_NONNULL = YES;
				CLANG_ANALYZER_NUMBER_OBJECT_CONVERSION = YES_AGGRESSIVE;
				CLANG_CXX_LANGUAGE_STANDARD = "gnu++14";
				CLANG_CXX_LIBRARY = "libc++";
				CLANG_ENABLE_MODULES = YES;
				CLANG_ENABLE_OBJC_ARC = YES;
				CLANG_ENABLE_OBJC_WEAK = YES;
				CLANG_WARN_BLOCK_CAPTURE_AUTORELEASING = YES;
				CLANG_WARN_BOOL_CONVERSION = YES;
				CLANG_WARN_COMMA = YES;
				CLANG_WARN_CONSTANT_CONVERSION = YES;
				CLANG_WARN_DEPRECATED_OBJC_IMPLEMENTATIONS = YES;
				CLANG_WARN_DIRECT_OBJC_ISA_USAGE = YES_ERROR;
				CLANG_WARN_DOCUMENTATION_COMMENTS = YES;
				CLANG_WARN_EMPTY_BODY = YES;
				CLANG_WARN_ENUM_CONVERSION = YES;
				CLANG_WARN_INFINITE_RECURSION = YES;
				CLANG_WARN_INT_CONVERSION = YES;
				CLANG_WARN_NON_LITERAL_NULL_CONVERSION = YES;
				CLANG_WARN_OBJC_IMPLICIT_RETAIN_SELF = YES;
				CLANG_WARN_OBJC_LITERAL_CONVERSION = YES;
				CLANG_WARN_OBJC_ROOT_CLASS = YES_ERROR;
				CLANG_WARN_RANGE_LOOP_ANALYSIS = YES;
				CLANG_WARN_STRICT_PROTOTYPES = YES;
				CLANG_WARN_SUSPICIOUS_MOVE = YES;
				CLANG_WARN_UNGUARDED_AVAILABILITY = YES_AGGRESSIVE;
				CLANG_WARN_UNREACHABLE_CODE = YES;
				CLANG_WARN__DUPLICATE_METHOD_MATCH = YES;
				CODE_SIGN_IDENTITY = "iPhone Developer";
				COPY_PHASE_STRIP = NO;
				DEBUG_INFORMATION_FORMAT = dwarf;
				ENABLE_STRICT_OBJC_MSGSEND = YES;
				ENABLE_TESTABILITY = YES;
				GCC_C_LANGUAGE_STANDARD = gnu11;
				GCC_DYNAMIC_NO_PIC = NO;
				GCC_NO_COMMON_BLOCKS = YES;
				GCC_OPTIMIZATION_LEVEL = 0;
				GCC_PREPROCESSOR_DEFINITIONS = (
					"DEBUG=1",
					"$(inherited)",
				);
				GCC_WARN_64_TO_32_BIT_CONVERSION = YES;
				GCC_WARN_ABOUT_RETURN_TYPE = YES_ERROR;
				GCC_WARN_UNDECLARED_SELECTOR = YES;
				GCC_WARN_UNINITIALIZED_AUTOS = YES_AGGRESSIVE;
				GCC_WARN_UNUSED_FUNCTION = YES;
				GCC_WARN_UNUSED_VARIABLE = YES;
				IPHONEOS_DEPLOYMENT_TARGET = 12.0;
				MTL_ENABLE_DEBUG_INFO = INCLUDE_SOURCE;
				MTL_FAST_MATH = YES;
				ONLY_ACTIVE_ARCH = YES;
				SDKROOT = iphoneos;
				SWIFT_ACTIVE_COMPILATION_CONDITIONS = DEBUG;
				SWIFT_OPTIMIZATION_LEVEL = "-Onone";
			};
			name = Debug;
		};
		045CF9F322E0A4750093F25E /* Release */ = {
			isa = XCBuildConfiguration;
			buildSettings = {
				ALWAYS_SEARCH_USER_PATHS = NO;
				CLANG_ANALYZER_NONNULL = YES;
				CLANG_ANALYZER_NUMBER_OBJECT_CONVERSION = YES_AGGRESSIVE;
				CLANG_CXX_LANGUAGE_STANDARD = "gnu++14";
				CLANG_CXX_LIBRARY = "libc++";
				CLANG_ENABLE_MODULES = YES;
				CLANG_ENABLE_OBJC_ARC = YES;
				CLANG_ENABLE_OBJC_WEAK = YES;
				CLANG_WARN_BLOCK_CAPTURE_AUTORELEASING = YES;
				CLANG_WARN_BOOL_CONVERSION = YES;
				CLANG_WARN_COMMA = YES;
				CLANG_WARN_CONSTANT_CONVERSION = YES;
				CLANG_WARN_DEPRECATED_OBJC_IMPLEMENTATIONS = YES;
				CLANG_WARN_DIRECT_OBJC_ISA_USAGE = YES_ERROR;
				CLANG_WARN_DOCUMENTATION_COMMENTS = YES;
				CLANG_WARN_EMPTY_BODY = YES;
				CLANG_WARN_ENUM_CONVERSION = YES;
				CLANG_WARN_INFINITE_RECURSION = YES;
				CLANG_WARN_INT_CONVERSION = YES;
				CLANG_WARN_NON_LITERAL_NULL_CONVERSION = YES;
				CLANG_WARN_OBJC_IMPLICIT_RETAIN_SELF = YES;
				CLANG_WARN_OBJC_LITERAL_CONVERSION = YES;
				CLANG_WARN_OBJC_ROOT_CLASS = YES_ERROR;
				CLANG_WARN_RANGE_LOOP_ANALYSIS = YES;
				CLANG_WARN_STRICT_PROTOTYPES = YES;
				CLANG_WARN_SUSPICIOUS_MOVE = YES;
				CLANG_WARN_UNGUARDED_AVAILABILITY = YES_AGGRESSIVE;
				CLANG_WARN_UNREACHABLE_CODE = YES;
				CLANG_WARN__DUPLICATE_METHOD_MATCH = YES;
				CODE_SIGN_IDENTITY = "iPhone Developer";
				COPY_PHASE_STRIP = NO;
				DEBUG_INFORMATION_FORMAT = "dwarf-with-dsym";
				ENABLE_NS_ASSERTIONS = NO;
				ENABLE_STRICT_OBJC_MSGSEND = YES;
				GCC_C_LANGUAGE_STANDARD = gnu11;
				GCC_NO_COMMON_BLOCKS = YES;
				GCC_WARN_64_TO_32_BIT_CONVERSION = YES;
				GCC_WARN_ABOUT_RETURN_TYPE = YES_ERROR;
				GCC_WARN_UNDECLARED_SELECTOR = YES;
				GCC_WARN_UNINITIALIZED_AUTOS = YES_AGGRESSIVE;
				GCC_WARN_UNUSED_FUNCTION = YES;
				GCC_WARN_UNUSED_VARIABLE = YES;
				IPHONEOS_DEPLOYMENT_TARGET = 12.0;
				MTL_ENABLE_DEBUG_INFO = NO;
				MTL_FAST_MATH = YES;
				SDKROOT = iphoneos;
				SWIFT_COMPILATION_MODE = wholemodule;
				SWIFT_OPTIMIZATION_LEVEL = "-O";
				VALIDATE_PRODUCT = YES;
			};
			name = Release;
		};
		045CF9F522E0A4750093F25E /* Debug */ = {
			isa = XCBuildConfiguration;
			baseConfigurationReference = 81409739126CE4C31CE6B0D4 /* Pods-ElMenus.debug.xcconfig */;
			buildSettings = {
				ALWAYS_SEARCH_USER_PATHS = NO;
				ASSETCATALOG_COMPILER_APPICON_NAME = AppIcon;
				CODE_SIGN_STYLE = Automatic;
				DEVELOPMENT_TEAM = J685J65365;
				INFOPLIST_FILE = ElMenus/Info.plist;
				LD_RUNPATH_SEARCH_PATHS = (
					"$(inherited)",
					"@executable_path/Frameworks",
				);
				PRODUCT_BUNDLE_IDENTIFIER = com.ownprojects.ElMenus;
				PRODUCT_NAME = "$(TARGET_NAME)";
				SWIFT_VERSION = 4.2;
				TARGETED_DEVICE_FAMILY = "1,2";
			};
			name = Debug;
		};
		045CF9F622E0A4750093F25E /* Release */ = {
			isa = XCBuildConfiguration;
			baseConfigurationReference = 8ABDBC9A193C3802A7FF5B5D /* Pods-ElMenus.release.xcconfig */;
			buildSettings = {
				ALWAYS_SEARCH_USER_PATHS = NO;
				ASSETCATALOG_COMPILER_APPICON_NAME = AppIcon;
				CODE_SIGN_STYLE = Automatic;
				DEVELOPMENT_TEAM = J685J65365;
				INFOPLIST_FILE = ElMenus/Info.plist;
				LD_RUNPATH_SEARCH_PATHS = (
					"$(inherited)",
					"@executable_path/Frameworks",
				);
				PRODUCT_BUNDLE_IDENTIFIER = com.ownprojects.ElMenus;
				PRODUCT_NAME = "$(TARGET_NAME)";
				SWIFT_VERSION = 4.2;
				TARGETED_DEVICE_FAMILY = "1,2";
			};
			name = Release;
		};
		045CF9F822E0A4750093F25E /* Debug */ = {
			isa = XCBuildConfiguration;
			baseConfigurationReference = DA80F14F6E4C99FB20D3E12D /* Pods-ElMenusTests.debug.xcconfig */;
			buildSettings = {
				ALWAYS_EMBED_SWIFT_STANDARD_LIBRARIES = YES;
				BUNDLE_LOADER = "$(TEST_HOST)";
				CODE_SIGN_STYLE = Automatic;
				DEVELOPMENT_TEAM = J685J65365;
				INFOPLIST_FILE = ElMenusTests/Info.plist;
				LD_RUNPATH_SEARCH_PATHS = (
					"$(inherited)",
					"@executable_path/Frameworks",
					"@loader_path/Frameworks",
				);
				PRODUCT_BUNDLE_IDENTIFIER = com.ownprojects.ElMenusTests;
				PRODUCT_NAME = "$(TARGET_NAME)";
				SWIFT_VERSION = 4.2;
				TARGETED_DEVICE_FAMILY = "1,2";
				TEST_HOST = "$(BUILT_PRODUCTS_DIR)/ElMenus.app/ElMenus";
			};
			name = Debug;
		};
		045CF9F922E0A4750093F25E /* Release */ = {
			isa = XCBuildConfiguration;
			baseConfigurationReference = 3917FB1F76EBE2863BA7E385 /* Pods-ElMenusTests.release.xcconfig */;
			buildSettings = {
				ALWAYS_EMBED_SWIFT_STANDARD_LIBRARIES = YES;
				BUNDLE_LOADER = "$(TEST_HOST)";
				CODE_SIGN_STYLE = Automatic;
				DEVELOPMENT_TEAM = J685J65365;
				INFOPLIST_FILE = ElMenusTests/Info.plist;
				LD_RUNPATH_SEARCH_PATHS = (
					"$(inherited)",
					"@executable_path/Frameworks",
					"@loader_path/Frameworks",
				);
				PRODUCT_BUNDLE_IDENTIFIER = com.ownprojects.ElMenusTests;
				PRODUCT_NAME = "$(TARGET_NAME)";
				SWIFT_VERSION = 4.2;
				TARGETED_DEVICE_FAMILY = "1,2";
				TEST_HOST = "$(BUILT_PRODUCTS_DIR)/ElMenus.app/ElMenus";
			};
			name = Release;
		};
		045CF9FB22E0A4750093F25E /* Debug */ = {
			isa = XCBuildConfiguration;
			baseConfigurationReference = 7CC7F04F292EAFAAC7D6CB1B /* Pods-ElMenusUITests.debug.xcconfig */;
			buildSettings = {
				ALWAYS_EMBED_SWIFT_STANDARD_LIBRARIES = YES;
				CODE_SIGN_STYLE = Automatic;
				DEVELOPMENT_TEAM = J685J65365;
				INFOPLIST_FILE = ElMenusUITests/Info.plist;
				LD_RUNPATH_SEARCH_PATHS = (
					"$(inherited)",
					"@executable_path/Frameworks",
					"@loader_path/Frameworks",
				);
				PRODUCT_BUNDLE_IDENTIFIER = com.ownprojects.ElMenusUITests;
				PRODUCT_NAME = "$(TARGET_NAME)";
				SWIFT_VERSION = 4.2;
				TARGETED_DEVICE_FAMILY = "1,2";
				TEST_TARGET_NAME = ElMenus;
			};
			name = Debug;
		};
		045CF9FC22E0A4750093F25E /* Release */ = {
			isa = XCBuildConfiguration;
			baseConfigurationReference = E1A2F85D18C83511BF3DC9B0 /* Pods-ElMenusUITests.release.xcconfig */;
			buildSettings = {
				ALWAYS_EMBED_SWIFT_STANDARD_LIBRARIES = YES;
				CODE_SIGN_STYLE = Automatic;
				DEVELOPMENT_TEAM = J685J65365;
				INFOPLIST_FILE = ElMenusUITests/Info.plist;
				LD_RUNPATH_SEARCH_PATHS = (
					"$(inherited)",
					"@executable_path/Frameworks",
					"@loader_path/Frameworks",
				);
				PRODUCT_BUNDLE_IDENTIFIER = com.ownprojects.ElMenusUITests;
				PRODUCT_NAME = "$(TARGET_NAME)";
				SWIFT_VERSION = 4.2;
				TARGETED_DEVICE_FAMILY = "1,2";
				TEST_TARGET_NAME = ElMenus;
			};
			name = Release;
		};
/* End XCBuildConfiguration section */

/* Begin XCConfigurationList section */
		045CF9C722E0A4730093F25E /* Build configuration list for PBXProject "ElMenus" */ = {
			isa = XCConfigurationList;
			buildConfigurations = (
				045CF9F222E0A4750093F25E /* Debug */,
				045CF9F322E0A4750093F25E /* Release */,
			);
			defaultConfigurationIsVisible = 0;
			defaultConfigurationName = Release;
		};
		045CF9F422E0A4750093F25E /* Build configuration list for PBXNativeTarget "ElMenus" */ = {
			isa = XCConfigurationList;
			buildConfigurations = (
				045CF9F522E0A4750093F25E /* Debug */,
				045CF9F622E0A4750093F25E /* Release */,
			);
			defaultConfigurationIsVisible = 0;
			defaultConfigurationName = Release;
		};
		045CF9F722E0A4750093F25E /* Build configuration list for PBXNativeTarget "ElMenusTests" */ = {
			isa = XCConfigurationList;
			buildConfigurations = (
				045CF9F822E0A4750093F25E /* Debug */,
				045CF9F922E0A4750093F25E /* Release */,
			);
			defaultConfigurationIsVisible = 0;
			defaultConfigurationName = Release;
		};
		045CF9FA22E0A4750093F25E /* Build configuration list for PBXNativeTarget "ElMenusUITests" */ = {
			isa = XCConfigurationList;
			buildConfigurations = (
				045CF9FB22E0A4750093F25E /* Debug */,
				045CF9FC22E0A4750093F25E /* Release */,
			);
			defaultConfigurationIsVisible = 0;
			defaultConfigurationName = Release;
		};
/* End XCConfigurationList section */
	};
	rootObject = 045CF9C422E0A4730093F25E /* Project object */;
}
